
Microsoft Visual Studio Solution File, Format Version 12.00
# Visual Studio Version 16
VisualStudioVersion = 16.0.31205.134
MinimumVisualStudioVersion = 10.0.40219.1
Project("{8BC9CEB8-8B4A-11D0-8D11-00A0C91BC942}") = "gaypexspoof", "gaypexspoof\gaypexspoof.vcxproj", "{B195827E-E4D3-4001-A9B1-D7E2FEA7C3ED}"
EndProject
Global
	GlobalSection(SolutionConfigurationPlatforms) = preSolution
		Debug|x64 = Debug|x64
		Debug|x86 = Debug|x86
		Release|x64 = Release|x64
		Release|x86 = Release|x86
	EndGlobalSection
	GlobalSection(ProjectConfigurationPlatforms) = postSolution
		{B195827E-E4D3-4001-A9B1-D7E2FEA7C3ED}.Debug|x64.ActiveCfg = Debug|x64
		{B195827E-E4D3-4001-A9B1-D7E2FEA7C3ED}.Debug|x64.Build.0 = Debug|x64
		{B195827E-E4D3-4001-A9B1-D7E2FEA7C3ED}.Debug|x86.ActiveCfg = Debug|Win32
		{B195827E-E4D3-4001-A9B1-D7E2FEA7C3ED}.Debug|x86.Build.0 = Debug|Win32
		{B195827E-E4D3-4001-A9B1-D7E2FEA7C3ED}.Release|x64.ActiveCfg = Release|x64
		{B195827E-E4D3-4001-A9B1-D7E2FEA7C3ED}.Release|x64.Build.0 = Release|x64
		{B195827E-E4D3-4001-A9B1-D7E2FEA7C3ED}.Release|x86.ActiveCfg = Release|Win32
		{B195827E-E4D3-4001-A9B1-D7E2FEA7C3ED}.Release|x86.Build.0 = Release|Win32
	EndGlobalSection
	GlobalSection(SolutionProperties) = preSolution
		HideSolutionNode = FALSE
	EndGlobalSection
	GlobalSection(ExtensibilityGlobals) = postSolution
		SolutionGuid = {AF7A3300-DF0A-46FA-808D-55802E62BBF9}
	EndGlobalSection
EndGlobal
